// !$*UTF8*$!
{
	archiveVersion = 1;
	classes = {
	};
	objectVersion = 77;
	objects = {

/* Begin PBXBuildFile section */
		A1DA13002DB3125E006111DF /* FirebaseAnalytics in Frameworks */ = {isa = PBXBuildFile; productRef = A1DA12FF2DB3125E006111DF /* FirebaseAnalytics */; };
		A1DA13022DB3125E006111DF /* FirebaseAnalyticsOnDeviceConversion in Frameworks */ = {isa = PBXBuildFile; productRef = A1DA13012DB3125E006111DF /* FirebaseAnalyticsOnDeviceConversion */; };
		A1DA13042DB3125F006111DF /* FirebaseAnalyticsWithoutAdIdSupport in Frameworks */ = {isa = PBXBuildFile; productRef = A1DA13032DB3125F006111DF /* FirebaseAnalyticsWithoutAdIdSupport */; };
		A1DA13062DB3125F006111DF /* FirebaseAppCheck in Frameworks */ = {isa = PBXBuildFile; productRef = A1DA13052DB3125F006111DF /* FirebaseAppCheck */; };
		A1DA13082DB3125F006111DF /* FirebaseAppDistribution-Beta in Frameworks */ = {isa = PBXBuildFile; productRef = A1DA13072DB3125F006111DF /* FirebaseAppDistribution-Beta */; };
		A1DA130A2DB3125F006111DF /* FirebaseAuth in Frameworks */ = {isa = PBXBuildFile; productRef = A1DA13092DB3125F006111DF /* FirebaseAuth */; };
		A1DA130C2DB3125F006111DF /* FirebaseAuthCombine-Community in Frameworks */ = {isa = PBXBuildFile; productRef = A1DA130B2DB3125F006111DF /* FirebaseAuthCombine-Community */; };
		A1DA130E2DB3125F006111DF /* FirebaseCore in Frameworks */ = {isa = PBXBuildFile; productRef = A1DA130D2DB3125F006111DF /* FirebaseCore */; };
		A1DA13102DB3125F006111DF /* FirebaseCrashlytics in Frameworks */ = {isa = PBXBuildFile; productRef = A1DA130F2DB3125F006111DF /* FirebaseCrashlytics */; };
		A1DA13122DB3125F006111DF /* FirebaseDatabase in Frameworks */ = {isa = PBXBuildFile; productRef = A1DA13112DB3125F006111DF /* FirebaseDatabase */; };
		A1DA13142DB3125F006111DF /* FirebaseDynamicLinks in Frameworks */ = {isa = PBXBuildFile; productRef = A1DA13132DB3125F006111DF /* FirebaseDynamicLinks */; };
		A1DA13162DB3125F006111DF /* FirebaseFirestore in Frameworks */ = {isa = PBXBuildFile; productRef = A1DA13152DB3125F006111DF /* FirebaseFirestore */; };
		A1DA13182DB3125F006111DF /* FirebaseFirestoreCombine-Community in Frameworks */ = {isa = PBXBuildFile; productRef = A1DA13172DB3125F006111DF /* FirebaseFirestoreCombine-Community */; };
		A1DA131A2DB3125F006111DF /* FirebaseFunctions in Frameworks */ = {isa = PBXBuildFile; productRef = A1DA13192DB3125F006111DF /* FirebaseFunctions */; };
		A1DA131C2DB3125F006111DF /* FirebaseFunctionsCombine-Community in Frameworks */ = {isa = PBXBuildFile; productRef = A1DA131B2DB3125F006111DF /* FirebaseFunctionsCombine-Community */; };
		A1DA131E2DB3125F006111DF /* FirebaseInAppMessaging-Beta in Frameworks */ = {isa = PBXBuildFile; productRef = A1DA131D2DB3125F006111DF /* FirebaseInAppMessaging-Beta */; };
		A1DA13202DB3125F006111DF /* FirebaseInstallations in Frameworks */ = {isa = PBXBuildFile; productRef = A1DA131F2DB3125F006111DF /* FirebaseInstallations */; };
		A1DA13222DB3125F006111DF /* FirebaseMLModelDownloader in Frameworks */ = {isa = PBXBuildFile; productRef = A1DA13212DB3125F006111DF /* FirebaseMLModelDownloader */; };
		A1DA13242DB3125F006111DF /* FirebaseMessaging in Frameworks */ = {isa = PBXBuildFile; productRef = A1DA13232DB3125F006111DF /* FirebaseMessaging */; };
		A1DA13262DB3125F006111DF /* FirebasePerformance in Frameworks */ = {isa = PBXBuildFile; productRef = A1DA13252DB3125F006111DF /* FirebasePerformance */; };
		A1DA13282DB3125F006111DF /* FirebaseRemoteConfig in Frameworks */ = {isa = PBXBuildFile; productRef = A1DA13272DB3125F006111DF /* FirebaseRemoteConfig */; };
		A1DA132A2DB3125F006111DF /* FirebaseStorage in Frameworks */ = {isa = PBXBuildFile; productRef = A1DA13292DB3125F006111DF /* FirebaseStorage */; };
		A1DA132C2DB3125F006111DF /* FirebaseStorageCombine-Community in Frameworks */ = {isa = PBXBuildFile; productRef = A1DA132B2DB3125F006111DF /* FirebaseStorageCombine-Community */; };
		A1DA132E2DB3125F006111DF /* FirebaseVertexAI in Frameworks */ = {isa = PBXBuildFile; productRef = A1DA132D2DB3125F006111DF /* FirebaseVertexAI */; };
		A1DA13312DB31285006111DF /* SnapKit in Frameworks */ = {isa = PBXBuildFile; productRef = A1DA13302DB31285006111DF /* SnapKit */; };
		A1DA13622DB32800006111DF /* SnapKit-Dynamic in Embed Frameworks */ = {isa = PBXBuildFile; productRef = A1DA135F2DB32800006111DF /* SnapKit-Dynamic */; settings = {ATTRIBUTES = (CodeSignOnCopy, ); }; };
		A1DA13642DB32969006111DF /* GoogleService-Info.plist in Resources */ = {isa = PBXBuildFile; fileRef = A1DA13632DB32969006111DF /* GoogleService-Info.plist */; };
		A1DA13B82DB33970006111DF /* SnapKit-Dynamic in Embed Frameworks */ = {isa = PBXBuildFile; productRef = A1DA13B62DB33970006111DF /* SnapKit-Dynamic */; settings = {ATTRIBUTES = (CodeSignOnCopy, ); }; };
/* End PBXBuildFile section */

/* Begin PBXContainerItemProxy section */
		A155D8782DB2EE4700D28886 /* PBXContainerItemProxy */ = {
			isa = PBXContainerItemProxy;
			containerPortal = A155D8562DB2EE4300D28886 /* Project object */;
			proxyType = 1;
			remoteGlobalIDString = A155D85D2DB2EE4300D28886;
			remoteInfo = CoffeeShop;
		};
		A155D8822DB2EE4700D28886 /* PBXContainerItemProxy */ = {
			isa = PBXContainerItemProxy;
			containerPortal = A155D8562DB2EE4300D28886 /* Project object */;
			proxyType = 1;
			remoteGlobalIDString = A155D85D2DB2EE4300D28886;
			remoteInfo = CoffeeShop;
		};
/* End PBXContainerItemProxy section */

/* Begin PBXCopyFilesBuildPhase section */
		A1DA13612DB32800006111DF /* Embed Frameworks */ = {
			isa = PBXCopyFilesBuildPhase;
			buildActionMask = 2147483647;
			dstPath = "";
			dstSubfolderSpec = 10;
			files = (
				A1DA13622DB32800006111DF /* SnapKit-Dynamic in Embed Frameworks */,
				A1DA13B82DB33970006111DF /* SnapKit-Dynamic in Embed Frameworks */,
			);
			name = "Embed Frameworks";
			runOnlyForDeploymentPostprocessing = 0;
		};
/* End PBXCopyFilesBuildPhase section */

/* Begin PBXFileReference section */
		A155D85E2DB2EE4300D28886 /* CoffeeShop.app */ = {isa = PBXFileReference; explicitFileType = wrapper.application; includeInIndex = 0; path = CoffeeShop.app; sourceTree = BUILT_PRODUCTS_DIR; };
		A155D8772DB2EE4700D28886 /* CoffeeShopTests.xctest */ = {isa = PBXFileReference; explicitFileType = wrapper.cfbundle; includeInIndex = 0; path = CoffeeShopTests.xctest; sourceTree = BUILT_PRODUCTS_DIR; };
		A155D8812DB2EE4700D28886 /* CoffeeShopUITests.xctest */ = {isa = PBXFileReference; explicitFileType = wrapper.cfbundle; includeInIndex = 0; path = CoffeeShopUITests.xctest; sourceTree = BUILT_PRODUCTS_DIR; };
		A1DA13632DB32969006111DF /* GoogleService-Info.plist */ = {isa = PBXFileReference; lastKnownFileType = text.plist.xml; path = "GoogleService-Info.plist"; sourceTree = "<group>"; };
/* End PBXFileReference section */

/* Begin PBXFileSystemSynchronizedBuildFileExceptionSet section */
		A155D8892DB2EE4700D28886 /* Exceptions for "CoffeeShop" folder in "CoffeeShop" target */ = {
			isa = PBXFileSystemSynchronizedBuildFileExceptionSet;
			membershipExceptions = (
				Info.plist,
			);
			target = A155D85D2DB2EE4300D28886 /* CoffeeShop */;
		};
/* End PBXFileSystemSynchronizedBuildFileExceptionSet section */

/* Begin PBXFileSystemSynchronizedRootGroup section */
		A155D8602DB2EE4300D28886 /* CoffeeShop */ = {
			isa = PBXFileSystemSynchronizedRootGroup;
			exceptions = (
				A155D8892DB2EE4700D28886 /* Exceptions for "CoffeeShop" folder in "CoffeeShop" target */,
			);
			path = CoffeeShop;
			sourceTree = "<group>";
		};
		A155D87A2DB2EE4700D28886 /* CoffeeShopTests */ = {
			isa = PBXFileSystemSynchronizedRootGroup;
			path = CoffeeShopTests;
			sourceTree = "<group>";
		};
		A155D8842DB2EE4700D28886 /* CoffeeShopUITests */ = {
			isa = PBXFileSystemSynchronizedRootGroup;
			path = CoffeeShopUITests;
			sourceTree = "<group>";
		};
/* End PBXFileSystemSynchronizedRootGroup section */

/* Begin PBXFrameworksBuildPhase section */
		A155D85B2DB2EE4300D28886 /* Frameworks */ = {
			isa = PBXFrameworksBuildPhase;
			buildActionMask = 2147483647;
			files = (
				A1DA13182DB3125F006111DF /* FirebaseFirestoreCombine-Community in Frameworks */,
				A1DA132E2DB3125F006111DF /* FirebaseVertexAI in Frameworks */,
				A1DA131A2DB3125F006111DF /* FirebaseFunctions in Frameworks */,
				A1DA13262DB3125F006111DF /* FirebasePerformance in Frameworks */,
				A1DA132C2DB3125F006111DF /* FirebaseStorageCombine-Community in Frameworks */,
				A1DA13282DB3125F006111DF /* FirebaseRemoteConfig in Frameworks */,
				A1DA13122DB3125F006111DF /* FirebaseDatabase in Frameworks */,
				A1DA13142DB3125F006111DF /* FirebaseDynamicLinks in Frameworks */,
				A1DA13062DB3125F006111DF /* FirebaseAppCheck in Frameworks */,
				A1DA130A2DB3125F006111DF /* FirebaseAuth in Frameworks */,
				A1DA13002DB3125E006111DF /* FirebaseAnalytics in Frameworks */,
				A1DA13162DB3125F006111DF /* FirebaseFirestore in Frameworks */,
				A1DA13242DB3125F006111DF /* FirebaseMessaging in Frameworks */,
				A1DA13202DB3125F006111DF /* FirebaseInstallations in Frameworks */,
				A1DA131C2DB3125F006111DF /* FirebaseFunctionsCombine-Community in Frameworks */,
				A1DA13082DB3125F006111DF /* FirebaseAppDistribution-Beta in Frameworks */,
				A1DA13042DB3125F006111DF /* FirebaseAnalyticsWithoutAdIdSupport in Frameworks */,
				A1DA131E2DB3125F006111DF /* FirebaseInAppMessaging-Beta in Frameworks */,
				A1DA130C2DB3125F006111DF /* FirebaseAuthCombine-Community in Frameworks */,
				A1DA13102DB3125F006111DF /* FirebaseCrashlytics in Frameworks */,
				A1DA13222DB3125F006111DF /* FirebaseMLModelDownloader in Frameworks */,
				A1DA132A2DB3125F006111DF /* FirebaseStorage in Frameworks */,
				A1DA130E2DB3125F006111DF /* FirebaseCore in Frameworks */,
				A1DA13022DB3125E006111DF /* FirebaseAnalyticsOnDeviceConversion in Frameworks */,
				A1DA13312DB31285006111DF /* SnapKit in Frameworks */,
			);
			runOnlyForDeploymentPostprocessing = 0;
		};
		A155D8742DB2EE4700D28886 /* Frameworks */ = {
			isa = PBXFrameworksBuildPhase;
			buildActionMask = 2147483647;
			files = (
			);
			runOnlyForDeploymentPostprocessing = 0;
		};
		A155D87E2DB2EE4700D28886 /* Frameworks */ = {
			isa = PBXFrameworksBuildPhase;
			buildActionMask = 2147483647;
			files = (
			);
			runOnlyForDeploymentPostprocessing = 0;
		};
/* End PBXFrameworksBuildPhase section */

/* Begin PBXGroup section */
		A155D8552DB2EE4300D28886 = {
			isa = PBXGroup;
			children = (
				A1DA13632DB32969006111DF /* GoogleService-Info.plist */,
				A155D8602DB2EE4300D28886 /* CoffeeShop */,
				A155D87A2DB2EE4700D28886 /* CoffeeShopTests */,
				A155D8842DB2EE4700D28886 /* CoffeeShopUITests */,
				A1DA135E2DB32800006111DF /* Frameworks */,
				A155D85F2DB2EE4300D28886 /* Products */,
			);
			sourceTree = "<group>";
		};
		A155D85F2DB2EE4300D28886 /* Products */ = {
			isa = PBXGroup;
			children = (
				A155D85E2DB2EE4300D28886 /* CoffeeShop.app */,
				A155D8772DB2EE4700D28886 /* CoffeeShopTests.xctest */,
				A155D8812DB2EE4700D28886 /* CoffeeShopUITests.xctest */,
			);
			name = Products;
			sourceTree = "<group>";
		};
		A1DA135E2DB32800006111DF /* Frameworks */ = {
			isa = PBXGroup;
			children = (
			);
			name = Frameworks;
			sourceTree = "<group>";
		};
/* End PBXGroup section */

/* Begin PBXNativeTarget section */
		A155D85D2DB2EE4300D28886 /* CoffeeShop */ = {
			isa = PBXNativeTarget;
			buildConfigurationList = A155D88A2DB2EE4700D28886 /* Build configuration list for PBXNativeTarget "CoffeeShop" */;
			buildPhases = (
				A155D85A2DB2EE4300D28886 /* Sources */,
				A155D85B2DB2EE4300D28886 /* Frameworks */,
				A155D85C2DB2EE4300D28886 /* Resources */,
				A1DA13612DB32800006111DF /* Embed Frameworks */,
			);
			buildRules = (
			);
			dependencies = (
			);
			fileSystemSynchronizedGroups = (
				A155D8602DB2EE4300D28886 /* CoffeeShop */,
			);
			name = CoffeeShop;
			productName = CoffeeShop;
			productReference = A155D85E2DB2EE4300D28886 /* CoffeeShop.app */;
			productType = "com.apple.product-type.application";
		};
		A155D8762DB2EE4700D28886 /* CoffeeShopTests */ = {
			isa = PBXNativeTarget;
			buildConfigurationList = A155D88F2DB2EE4700D28886 /* Build configuration list for PBXNativeTarget "CoffeeShopTests" */;
			buildPhases = (
				A155D8732DB2EE4700D28886 /* Sources */,
				A155D8742DB2EE4700D28886 /* Frameworks */,
				A155D8752DB2EE4700D28886 /* Resources */,
			);
			buildRules = (
			);
			dependencies = (
				A155D8792DB2EE4700D28886 /* PBXTargetDependency */,
			);
			fileSystemSynchronizedGroups = (
				A155D87A2DB2EE4700D28886 /* CoffeeShopTests */,
			);
			name = CoffeeShopTests;
			productName = CoffeeShopTests;
			productReference = A155D8772DB2EE4700D28886 /* CoffeeShopTests.xctest */;
			productType = "com.apple.product-type.bundle.unit-test";
		};
		A155D8802DB2EE4700D28886 /* CoffeeShopUITests */ = {
			isa = PBXNativeTarget;
			buildConfigurationList = A155D8922DB2EE4700D28886 /* Build configuration list for PBXNativeTarget "CoffeeShopUITests" */;
			buildPhases = (
				A155D87D2DB2EE4700D28886 /* Sources */,
				A155D87E2DB2EE4700D28886 /* Frameworks */,
				A155D87F2DB2EE4700D28886 /* Resources */,
			);
			buildRules = (
			);
			dependencies = (
				A155D8832DB2EE4700D28886 /* PBXTargetDependency */,
			);
			fileSystemSynchronizedGroups = (
				A155D8842DB2EE4700D28886 /* CoffeeShopUITests */,
			);
			name = CoffeeShopUITests;
			productName = CoffeeShopUITests;
			productReference = A155D8812DB2EE4700D28886 /* CoffeeShopUITests.xctest */;
			productType = "com.apple.product-type.bundle.ui-testing";
		};
/* End PBXNativeTarget section */

/* Begin PBXProject section */
		A155D8562DB2EE4300D28886 /* Project object */ = {
			isa = PBXProject;
			attributes = {
				BuildIndependentTargetsInParallel = 1;
				LastSwiftUpdateCheck = 1620;
				LastUpgradeCheck = 1620;
				TargetAttributes = {
					A155D85D2DB2EE4300D28886 = {
						CreatedOnToolsVersion = 16.2;
					};
					A155D8762DB2EE4700D28886 = {
						CreatedOnToolsVersion = 16.2;
						TestTargetID = A155D85D2DB2EE4300D28886;
					};
					A155D8802DB2EE4700D28886 = {
						CreatedOnToolsVersion = 16.2;
						TestTargetID = A155D85D2DB2EE4300D28886;
					};
				};
			};
			buildConfigurationList = A155D8592DB2EE4300D28886 /* Build configuration list for PBXProject "CoffeeShop" */;
			developmentRegion = en;
			hasScannedForEncodings = 0;
			knownRegions = (
				en,
				Base,
			);
			mainGroup = A155D8552DB2EE4300D28886;
			minimizedProjectReferenceProxies = 1;
			packageReferences = (
				A1DA12FE2DB3125E006111DF /* XCRemoteSwiftPackageReference "firebase-ios-sdk" */,
				A1DA132F2DB31285006111DF /* XCRemoteSwiftPackageReference "SnapKit" */,
			);
			preferredProjectObjectVersion = 77;
			productRefGroup = A155D85F2DB2EE4300D28886 /* Products */;
			projectDirPath = "";
			projectRoot = "";
			targets = (
				A155D85D2DB2EE4300D28886 /* CoffeeShop */,
				A155D8762DB2EE4700D28886 /* CoffeeShopTests */,
				A155D8802DB2EE4700D28886 /* CoffeeShopUITests */,
			);
		};
/* End PBXProject section */

/* Begin PBXResourcesBuildPhase section */
		A155D85C2DB2EE4300D28886 /* Resources */ = {
			isa = PBXResourcesBuildPhase;
			buildActionMask = 2147483647;
			files = (
				A1DA13642DB32969006111DF /* GoogleService-Info.plist in Resources */,
			);
			runOnlyForDeploymentPostprocessing = 0;
		};
		A155D8752DB2EE4700D28886 /* Resources */ = {
			isa = PBXResourcesBuildPhase;
			buildActionMask = 2147483647;
			files = (
			);
			runOnlyForDeploymentPostprocessing = 0;
		};
		A155D87F2DB2EE4700D28886 /* Resources */ = {
			isa = PBXResourcesBuildPhase;
			buildActionMask = 2147483647;
			files = (
			);
			runOnlyForDeploymentPostprocessing = 0;
		};
/* End PBXResourcesBuildPhase section */

/* Begin PBXSourcesBuildPhase section */
		A155D85A2DB2EE4300D28886 /* Sources */ = {
			isa = PBXSourcesBuildPhase;
			buildActionMask = 2147483647;
			files = (
			);
			runOnlyForDeploymentPostprocessing = 0;
		};
		A155D8732DB2EE4700D28886 /* Sources */ = {
			isa = PBXSourcesBuildPhase;
			buildActionMask = 2147483647;
			files = (
			);
			runOnlyForDeploymentPostprocessing = 0;
		};
		A155D87D2DB2EE4700D28886 /* Sources */ = {
			isa = PBXSourcesBuildPhase;
			buildActionMask = 2147483647;
			files = (
			);
			runOnlyForDeploymentPostprocessing = 0;
		};
/* End PBXSourcesBuildPhase section */

/* Begin PBXTargetDependency section */
		A155D8792DB2EE4700D28886 /* PBXTargetDependency */ = {
			isa = PBXTargetDependency;
			target = A155D85D2DB2EE4300D28886 /* CoffeeShop */;
			targetProxy = A155D8782DB2EE4700D28886 /* PBXContainerItemProxy */;
		};
		A155D8832DB2EE4700D28886 /* PBXTargetDependency */ = {
			isa = PBXTargetDependency;
			target = A155D85D2DB2EE4300D28886 /* CoffeeShop */;
			targetProxy = A155D8822DB2EE4700D28886 /* PBXContainerItemProxy */;
		};
/* End PBXTargetDependency section */

/* Begin XCBuildConfiguration section */
		A155D88B2DB2EE4700D28886 /* Debug */ = {
			isa = XCBuildConfiguration;
			buildSettings = {
				ASSETCATALOG_COMPILER_APPICON_NAME = AppIcon;
				ASSETCATALOG_COMPILER_GLOBAL_ACCENT_COLOR_NAME = AccentColor;
				CODE_SIGN_STYLE = Automatic;
				CURRENT_PROJECT_VERSION = 1;
				DEVELOPMENT_TEAM = 855SF9939H;
				"FRAMEWORK_SEARCH_PATHS[arch=*]" = (
					"$(inherited)",
					"Pods/**",
				);
				GENERATE_INFOPLIST_FILE = YES;
				INFOPLIST_FILE = CoffeeShop/Info.plist;
				INFOPLIST_KEY_UIApplicationSupportsIndirectInputEvents = YES;
				INFOPLIST_KEY_UILaunchStoryboardName = LaunchScreen;
				INFOPLIST_KEY_UISupportedInterfaceOrientations = UIInterfaceOrientationPortrait;
				IPHONEOS_DEPLOYMENT_TARGET = 15.6;
				LD_RUNPATH_SEARCH_PATHS = (
					"$(inherited)",
					"@executable_path/Frameworks",
				);
				MARKETING_VERSION = 1.0;
				"OTHER_LDFLAGS[arch=*]" = (
					"-ObjC",
					"-lc++",
				);
				PRODUCT_BUNDLE_IDENTIFIER = com.semihguler.CoffeeShop;
				PRODUCT_NAME = "$(TARGET_NAME)";
				SUPPORTED_PLATFORMS = "iphoneos iphonesimulator";
				SUPPORTS_MACCATALYST = NO;
				SUPPORTS_MAC_DESIGNED_FOR_IPHONE_IPAD = NO;
				SUPPORTS_XR_DESIGNED_FOR_IPHONE_IPAD = NO;
				SWIFT_EMIT_LOC_STRINGS = YES;
				SWIFT_VERSION = 5.0;
				TARGETED_DEVICE_FAMILY = 1;
			};
			name = Debug;
		};
		A155D88C2DB2EE4700D28886 /* Release */ = {
			isa = XCBuildConfiguration;
			buildSettings = {
				ASSETCATALOG_COMPILER_APPICON_NAME = AppIcon;
				ASSETCATALOG_COMPILER_GLOBAL_ACCENT_COLOR_NAME = AccentColor;
				CODE_SIGN_STYLE = Automatic;
				CURRENT_PROJECT_VERSION = 1;
				DEVELOPMENT_TEAM = 855SF9939H;
				"FRAMEWORK_SEARCH_PATHS[arch=*]" = (
					"$(inherited)",
					"Pods/**",
				);
				GENERATE_INFOPLIST_FILE = YES;
				INFOPLIST_FILE = CoffeeShop/Info.plist;
				INFOPLIST_KEY_UIApplicationSupportsIndirectInputEvents = YES;
				INFOPLIST_KEY_UILaunchStoryboardName = LaunchScreen;
				INFOPLIST_KEY_UISupportedInterfaceOrientations = UIInterfaceOrientationPortrait;
				IPHONEOS_DEPLOYMENT_TARGET = 15.6;
				LD_RUNPATH_SEARCH_PATHS = (
					"$(inherited)",
					"@executable_path/Frameworks",
				);
				MARKETING_VERSION = 1.0;
				"OTHER_LDFLAGS[arch=*]" = (
					"-ObjC",
					"-lc++",
				);
				PRODUCT_BUNDLE_IDENTIFIER = com.semihguler.CoffeeShop;
				PRODUCT_NAME = "$(TARGET_NAME)";
				SUPPORTED_PLATFORMS = "iphoneos iphonesimulator";
				SUPPORTS_MACCATALYST = NO;
				SUPPORTS_MAC_DESIGNED_FOR_IPHONE_IPAD = NO;
				SUPPORTS_XR_DESIGNED_FOR_IPHONE_IPAD = NO;
				SWIFT_EMIT_LOC_STRINGS = YES;
				SWIFT_VERSION = 5.0;
				TARGETED_DEVICE_FAMILY = 1;
			};
			name = Release;
		};
		A155D88D2DB2EE4700D28886 /* Debug */ = {
			isa = XCBuildConfiguration;
			buildSettings = {
				ALWAYS_SEARCH_USER_PATHS = NO;
				ASSETCATALOG_COMPILER_GENERATE_SWIFT_ASSET_SYMBOL_EXTENSIONS = YES;
				CLANG_ANALYZER_NONNULL = YES;
				CLANG_ANALYZER_NUMBER_OBJECT_CONVERSION = YES_AGGRESSIVE;
				CLANG_CXX_LANGUAGE_STANDARD = "gnu++20";
				CLANG_ENABLE_MODULES = YES;
				CLANG_ENABLE_OBJC_ARC = YES;
				CLANG_ENABLE_OBJC_WEAK = YES;
				CLANG_WARN_BLOCK_CAPTURE_AUTORELEASING = YES;
				CLANG_WARN_BOOL_CONVERSION = YES;
				CLANG_WARN_COMMA = YES;
				CLANG_WARN_CONSTANT_CONVERSION = YES;
				CLANG_WARN_DEPRECATED_OBJC_IMPLEMENTATIONS = YES;
				CLANG_WARN_DIRECT_OBJC_ISA_USAGE = YES_ERROR;
				CLANG_WARN_DOCUMENTATION_COMMENTS = YES;
				CLANG_WARN_EMPTY_BODY = YES;
				CLANG_WARN_ENUM_CONVERSION = YES;
				CLANG_WARN_INFINITE_RECURSION = YES;
				CLANG_WARN_INT_CONVERSION = YES;
				CLANG_WARN_NON_LITERAL_NULL_CONVERSION = YES;
				CLANG_WARN_OBJC_IMPLICIT_RETAIN_SELF = YES;
				CLANG_WARN_OBJC_LITERAL_CONVERSION = YES;
				CLANG_WARN_OBJC_ROOT_CLASS = YES_ERROR;
				CLANG_WARN_QUOTED_INCLUDE_IN_FRAMEWORK_HEADER = YES;
				CLANG_WARN_RANGE_LOOP_ANALYSIS = YES;
				CLANG_WARN_STRICT_PROTOTYPES = YES;
				CLANG_WARN_SUSPICIOUS_MOVE = YES;
				CLANG_WARN_UNGUARDED_AVAILABILITY = YES_AGGRESSIVE;
				CLANG_WARN_UNREACHABLE_CODE = YES;
				CLANG_WARN__DUPLICATE_METHOD_MATCH = YES;
				COPY_PHASE_STRIP = NO;
				DEBUG_INFORMATION_FORMAT = dwarf;
				ENABLE_STRICT_OBJC_MSGSEND = YES;
				ENABLE_TESTABILITY = YES;
				ENABLE_USER_SCRIPT_SANDBOXING = YES;
				GCC_C_LANGUAGE_STANDARD = gnu17;
				GCC_DYNAMIC_NO_PIC = NO;
				GCC_NO_COMMON_BLOCKS = YES;
				GCC_OPTIMIZATION_LEVEL = 0;
				GCC_PREPROCESSOR_DEFINITIONS = (
					"DEBUG=1",
					"$(inherited)",
				);
				GCC_WARN_64_TO_32_BIT_CONVERSION = YES;
				GCC_WARN_ABOUT_RETURN_TYPE = YES_ERROR;
				GCC_WARN_UNDECLARED_SELECTOR = YES;
				GCC_WARN_UNINITIALIZED_AUTOS = YES_AGGRESSIVE;
				GCC_WARN_UNUSED_FUNCTION = YES;
				GCC_WARN_UNUSED_VARIABLE = YES;
				IPHONEOS_DEPLOYMENT_TARGET = 18.2;
				LOCALIZATION_PREFERS_STRING_CATALOGS = YES;
				MTL_ENABLE_DEBUG_INFO = INCLUDE_SOURCE;
				MTL_FAST_MATH = YES;
				ONLY_ACTIVE_ARCH = YES;
				SDKROOT = iphoneos;
				SWIFT_ACTIVE_COMPILATION_CONDITIONS = "DEBUG $(inherited)";
				SWIFT_OPTIMIZATION_LEVEL = "-Onone";
			};
			name = Debug;
		};
		A155D88E2DB2EE4700D28886 /* Release */ = {
			isa = XCBuildConfiguration;
			buildSettings = {
				ALWAYS_SEARCH_USER_PATHS = NO;
				ASSETCATALOG_COMPILER_GENERATE_SWIFT_ASSET_SYMBOL_EXTENSIONS = YES;
				CLANG_ANALYZER_NONNULL = YES;
				CLANG_ANALYZER_NUMBER_OBJECT_CONVERSION = YES_AGGRESSIVE;
				CLANG_CXX_LANGUAGE_STANDARD = "gnu++20";
				CLANG_ENABLE_MODULES = YES;
				CLANG_ENABLE_OBJC_ARC = YES;
				CLANG_ENABLE_OBJC_WEAK = YES;
				CLANG_WARN_BLOCK_CAPTURE_AUTORELEASING = YES;
				CLANG_WARN_BOOL_CONVERSION = YES;
				CLANG_WARN_COMMA = YES;
				CLANG_WARN_CONSTANT_CONVERSION = YES;
				CLANG_WARN_DEPRECATED_OBJC_IMPLEMENTATIONS = YES;
				CLANG_WARN_DIRECT_OBJC_ISA_USAGE = YES_ERROR;
				CLANG_WARN_DOCUMENTATION_COMMENTS = YES;
				CLANG_WARN_EMPTY_BODY = YES;
				CLANG_WARN_ENUM_CONVERSION = YES;
				CLANG_WARN_INFINITE_RECURSION = YES;
				CLANG_WARN_INT_CONVERSION = YES;
				CLANG_WARN_NON_LITERAL_NULL_CONVERSION = YES;
				CLANG_WARN_OBJC_IMPLICIT_RETAIN_SELF = YES;
				CLANG_WARN_OBJC_LITERAL_CONVERSION = YES;
				CLANG_WARN_OBJC_ROOT_CLASS = YES_ERROR;
				CLANG_WARN_QUOTED_INCLUDE_IN_FRAMEWORK_HEADER = YES;
				CLANG_WARN_RANGE_LOOP_ANALYSIS = YES;
				CLANG_WARN_STRICT_PROTOTYPES = YES;
				CLANG_WARN_SUSPICIOUS_MOVE = YES;
				CLANG_WARN_UNGUARDED_AVAILABILITY = YES_AGGRESSIVE;
				CLANG_WARN_UNREACHABLE_CODE = YES;
				CLANG_WARN__DUPLICATE_METHOD_MATCH = YES;
				COPY_PHASE_STRIP = NO;
				DEBUG_INFORMATION_FORMAT = "dwarf-with-dsym";
				ENABLE_NS_ASSERTIONS = NO;
				ENABLE_STRICT_OBJC_MSGSEND = YES;
				ENABLE_USER_SCRIPT_SANDBOXING = YES;
				GCC_C_LANGUAGE_STANDARD = gnu17;
				GCC_NO_COMMON_BLOCKS = YES;
				GCC_WARN_64_TO_32_BIT_CONVERSION = YES;
				GCC_WARN_ABOUT_RETURN_TYPE = YES_ERROR;
				GCC_WARN_UNDECLARED_SELECTOR = YES;
				GCC_WARN_UNINITIALIZED_AUTOS = YES_AGGRESSIVE;
				GCC_WARN_UNUSED_FUNCTION = YES;
				GCC_WARN_UNUSED_VARIABLE = YES;
				IPHONEOS_DEPLOYMENT_TARGET = 18.2;
				LOCALIZATION_PREFERS_STRING_CATALOGS = YES;
				MTL_ENABLE_DEBUG_INFO = NO;
				MTL_FAST_MATH = YES;
				SDKROOT = iphoneos;
				SWIFT_COMPILATION_MODE = wholemodule;
				VALIDATE_PRODUCT = YES;
			};
			name = Release;
		};
		A155D8902DB2EE4700D28886 /* Debug */ = {
			isa = XCBuildConfiguration;
			buildSettings = {
				BUNDLE_LOADER = "$(TEST_HOST)";
				CODE_SIGN_STYLE = Automatic;
				CURRENT_PROJECT_VERSION = 1;
				DEVELOPMENT_TEAM = 855SF9939H;
				GENERATE_INFOPLIST_FILE = YES;
				IPHONEOS_DEPLOYMENT_TARGET = 18.2;
				MARKETING_VERSION = 1.0;
				PRODUCT_BUNDLE_IDENTIFIER = com.CoffeeShopTests;
				PRODUCT_NAME = "$(TARGET_NAME)";
				SWIFT_EMIT_LOC_STRINGS = NO;
				SWIFT_VERSION = 5.0;
				TARGETED_DEVICE_FAMILY = "1,2";
				TEST_HOST = "$(BUILT_PRODUCTS_DIR)/CoffeeShop.app/$(BUNDLE_EXECUTABLE_FOLDER_PATH)/CoffeeShop";
			};
			name = Debug;
		};
		A155D8912DB2EE4700D28886 /* Release */ = {
			isa = XCBuildConfiguration;
			buildSettings = {
				BUNDLE_LOADER = "$(TEST_HOST)";
				CODE_SIGN_STYLE = Automatic;
				CURRENT_PROJECT_VERSION = 1;
				DEVELOPMENT_TEAM = 855SF9939H;
				GENERATE_INFOPLIST_FILE = YES;
				IPHONEOS_DEPLOYMENT_TARGET = 18.2;
				MARKETING_VERSION = 1.0;
				PRODUCT_BUNDLE_IDENTIFIER = com.CoffeeShopTests;
				PRODUCT_NAME = "$(TARGET_NAME)";
				SWIFT_EMIT_LOC_STRINGS = NO;
				SWIFT_VERSION = 5.0;
				TARGETED_DEVICE_FAMILY = "1,2";
				TEST_HOST = "$(BUILT_PRODUCTS_DIR)/CoffeeShop.app/$(BUNDLE_EXECUTABLE_FOLDER_PATH)/CoffeeShop";
			};
			name = Release;
		};
		A155D8932DB2EE4700D28886 /* Debug */ = {
			isa = XCBuildConfiguration;
			buildSettings = {
				CODE_SIGN_STYLE = Automatic;
				CURRENT_PROJECT_VERSION = 1;
				DEVELOPMENT_TEAM = 855SF9939H;
				GENERATE_INFOPLIST_FILE = YES;
				MARKETING_VERSION = 1.0;
				PRODUCT_BUNDLE_IDENTIFIER = com.CoffeeShopUITests;
				PRODUCT_NAME = "$(TARGET_NAME)";
				SWIFT_EMIT_LOC_STRINGS = NO;
				SWIFT_VERSION = 5.0;
				TARGETED_DEVICE_FAMILY = "1,2";
				TEST_TARGET_NAME = CoffeeShop;
			};
			name = Debug;
		};
		A155D8942DB2EE4700D28886 /* Release */ = {
			isa = XCBuildConfiguration;
			buildSettings = {
				CODE_SIGN_STYLE = Automatic;
				CURRENT_PROJECT_VERSION = 1;
				DEVELOPMENT_TEAM = 855SF9939H;
				GENERATE_INFOPLIST_FILE = YES;
				MARKETING_VERSION = 1.0;
				PRODUCT_BUNDLE_IDENTIFIER = com.CoffeeShopUITests;
				PRODUCT_NAME = "$(TARGET_NAME)";
				SWIFT_EMIT_LOC_STRINGS = NO;
				SWIFT_VERSION = 5.0;
				TARGETED_DEVICE_FAMILY = "1,2";
				TEST_TARGET_NAME = CoffeeShop;
			};
			name = Release;
		};
/* End XCBuildConfiguration section */

/* Begin XCConfigurationList section */
		A155D8592DB2EE4300D28886 /* Build configuration list for PBXProject "CoffeeShop" */ = {
			isa = XCConfigurationList;
			buildConfigurations = (
				A155D88D2DB2EE4700D28886 /* Debug */,
				A155D88E2DB2EE4700D28886 /* Release */,
			);
			defaultConfigurationIsVisible = 0;
			defaultConfigurationName = Release;
		};
		A155D88A2DB2EE4700D28886 /* Build configuration list for PBXNativeTarget "CoffeeShop" */ = {
			isa = XCConfigurationList;
			buildConfigurations = (
				A155D88B2DB2EE4700D28886 /* Debug */,
				A155D88C2DB2EE4700D28886 /* Release */,
			);
			defaultConfigurationIsVisible = 0;
			defaultConfigurationName = Release;
		};
		A155D88F2DB2EE4700D28886 /* Build configuration list for PBXNativeTarget "CoffeeShopTests" */ = {
			isa = XCConfigurationList;
			buildConfigurations = (
				A155D8902DB2EE4700D28886 /* Debug */,
				A155D8912DB2EE4700D28886 /* Release */,
			);
			defaultConfigurationIsVisible = 0;
			defaultConfigurationName = Release;
		};
		A155D8922DB2EE4700D28886 /* Build configuration list for PBXNativeTarget "CoffeeShopUITests" */ = {
			isa = XCConfigurationList;
			buildConfigurations = (
				A155D8932DB2EE4700D28886 /* Debug */,
				A155D8942DB2EE4700D28886 /* Release */,
			);
			defaultConfigurationIsVisible = 0;
			defaultConfigurationName = Release;
		};
/* End XCConfigurationList section */

/* Begin XCRemoteSwiftPackageReference section */
		A1DA12FE2DB3125E006111DF /* XCRemoteSwiftPackageReference "firebase-ios-sdk" */ = {
			isa = XCRemoteSwiftPackageReference;
			repositoryURL = "https://github.com/firebase/firebase-ios-sdk";
			requirement = {
				kind = upToNextMajorVersion;
				minimumVersion = 11.11.0;
			};
		};
		A1DA132F2DB31285006111DF /* XCRemoteSwiftPackageReference "SnapKit" */ = {
			isa = XCRemoteSwiftPackageReference;
			repositoryURL = "https://github.com/SnapKit/SnapKit.git";
			requirement = {
				kind = upToNextMajorVersion;
				minimumVersion = 5.7.1;
			};
		};
/* End XCRemoteSwiftPackageReference section */

/* Begin XCSwiftPackageProductDependency section */
		A1DA12FF2DB3125E006111DF /* FirebaseAnalytics */ = {
			isa = XCSwiftPackageProductDependency;
			package = A1DA12FE2DB3125E006111DF /* XCRemoteSwiftPackageReference "firebase-ios-sdk" */;
			productName = FirebaseAnalytics;
		};
		A1DA13012DB3125E006111DF /* FirebaseAnalyticsOnDeviceConversion */ = {
			isa = XCSwiftPackageProductDependency;
			package = A1DA12FE2DB3125E006111DF /* XCRemoteSwiftPackageReference "firebase-ios-sdk" */;
			productName = FirebaseAnalyticsOnDeviceConversion;
		};
		A1DA13032DB3125F006111DF /* FirebaseAnalyticsWithoutAdIdSupport */ = {
			isa = XCSwiftPackageProductDependency;
			package = A1DA12FE2DB3125E006111DF /* XCRemoteSwiftPackageReference "firebase-ios-sdk" */;
			productName = FirebaseAnalyticsWithoutAdIdSupport;
		};
		A1DA13052DB3125F006111DF /* FirebaseAppCheck */ = {
			isa = XCSwiftPackageProductDependency;
			package = A1DA12FE2DB3125E006111DF /* XCRemoteSwiftPackageReference "firebase-ios-sdk" */;
			productName = FirebaseAppCheck;
		};
		A1DA13072DB3125F006111DF /* FirebaseAppDistribution-Beta */ = {
			isa = XCSwiftPackageProductDependency;
			package = A1DA12FE2DB3125E006111DF /* XCRemoteSwiftPackageReference "firebase-ios-sdk" */;
			productName = "FirebaseAppDistribution-Beta";
		};
		A1DA13092DB3125F006111DF /* FirebaseAuth */ = {
			isa = XCSwiftPackageProductDependency;
			package = A1DA12FE2DB3125E006111DF /* XCRemoteSwiftPackageReference "firebase-ios-sdk" */;
			productName = FirebaseAuth;
		};
		A1DA130B2DB3125F006111DF /* FirebaseAuthCombine-Community */ = {
			isa = XCSwiftPackageProductDependency;
			package = A1DA12FE2DB3125E006111DF /* XCRemoteSwiftPackageReference "firebase-ios-sdk" */;
			productName = "FirebaseAuthCombine-Community";
		};
		A1DA130D2DB3125F006111DF /* FirebaseCore */ = {
			isa = XCSwiftPackageProductDependency;
			package = A1DA12FE2DB3125E006111DF /* XCRemoteSwiftPackageReference "firebase-ios-sdk" */;
			productName = FirebaseCore;
		};
		A1DA130F2DB3125F006111DF /* FirebaseCrashlytics */ = {
			isa = XCSwiftPackageProductDependency;
			package = A1DA12FE2DB3125E006111DF /* XCRemoteSwiftPackageReference "firebase-ios-sdk" */;
			productName = FirebaseCrashlytics;
		};
		A1DA13112DB3125F006111DF /* FirebaseDatabase */ = {
			isa = XCSwiftPackageProductDependency;
			package = A1DA12FE2DB3125E006111DF /* XCRemoteSwiftPackageReference "firebase-ios-sdk" */;
			productName = FirebaseDatabase;
		};
		A1DA13132DB3125F006111DF /* FirebaseDynamicLinks */ = {
			isa = XCSwiftPackageProductDependency;
			package = A1DA12FE2DB3125E006111DF /* XCRemoteSwiftPackageReference "firebase-ios-sdk" */;
			productName = FirebaseDynamicLinks;
		};
		A1DA13152DB3125F006111DF /* FirebaseFirestore */ = {
			isa = XCSwiftPackageProductDependency;
			package = A1DA12FE2DB3125E006111DF /* XCRemoteSwiftPackageReference "firebase-ios-sdk" */;
			productName = FirebaseFirestore;
		};
		A1DA13172DB3125F006111DF /* FirebaseFirestoreCombine-Community */ = {
			isa = XCSwiftPackageProductDependency;
			package = A1DA12FE2DB3125E006111DF /* XCRemoteSwiftPackageReference "firebase-ios-sdk" */;
			productName = "FirebaseFirestoreCombine-Community";
		};
		A1DA13192DB3125F006111DF /* FirebaseFunctions */ = {
			isa = XCSwiftPackageProductDependency;
			package = A1DA12FE2DB3125E006111DF /* XCRemoteSwiftPackageReference "firebase-ios-sdk" */;
			productName = FirebaseFunctions;
		};
		A1DA131B2DB3125F006111DF /* FirebaseFunctionsCombine-Community */ = {
			isa = XCSwiftPackageProductDependency;
			package = A1DA12FE2DB3125E006111DF /* XCRemoteSwiftPackageReference "firebase-ios-sdk" */;
			productName = "FirebaseFunctionsCombine-Community";
		};
		A1DA131D2DB3125F006111DF /* FirebaseInAppMessaging-Beta */ = {
			isa = XCSwiftPackageProductDependency;
			package = A1DA12FE2DB3125E006111DF /* XCRemoteSwiftPackageReference "firebase-ios-sdk" */;
			productName = "FirebaseInAppMessaging-Beta";
		};
		A1DA131F2DB3125F006111DF /* FirebaseInstallations */ = {
			isa = XCSwiftPackageProductDependency;
			package = A1DA12FE2DB3125E006111DF /* XCRemoteSwiftPackageReference "firebase-ios-sdk" */;
			productName = FirebaseInstallations;
		};
		A1DA13212DB3125F006111DF /* FirebaseMLModelDownloader */ = {
			isa = XCSwiftPackageProductDependency;
			package = A1DA12FE2DB3125E006111DF /* XCRemoteSwiftPackageReference "firebase-ios-sdk" */;
			productName = FirebaseMLModelDownloader;
		};
		A1DA13232DB3125F006111DF /* FirebaseMessaging */ = {
			isa = XCSwiftPackageProductDependency;
			package = A1DA12FE2DB3125E006111DF /* XCRemoteSwiftPackageReference "firebase-ios-sdk" */;
			productName = FirebaseMessaging;
		};
		A1DA13252DB3125F006111DF /* FirebasePerformance */ = {
			isa = XCSwiftPackageProductDependency;
			package = A1DA12FE2DB3125E006111DF /* XCRemoteSwiftPackageReference "firebase-ios-sdk" */;
			productName = FirebasePerformance;
		};
		A1DA13272DB3125F006111DF /* FirebaseRemoteConfig */ = {
			isa = XCSwiftPackageProductDependency;
			package = A1DA12FE2DB3125E006111DF /* XCRemoteSwiftPackageReference "firebase-ios-sdk" */;
			productName = FirebaseRemoteConfig;
		};
		A1DA13292DB3125F006111DF /* FirebaseStorage */ = {
			isa = XCSwiftPackageProductDependency;
			package = A1DA12FE2DB3125E006111DF /* XCRemoteSwiftPackageReference "firebase-ios-sdk" */;
			productName = FirebaseStorage;
		};
		A1DA132B2DB3125F006111DF /* FirebaseStorageCombine-Community */ = {
			isa = XCSwiftPackageProductDependency;
			package = A1DA12FE2DB3125E006111DF /* XCRemoteSwiftPackageReference "firebase-ios-sdk" */;
			productName = "FirebaseStorageCombine-Community";
		};
		A1DA132D2DB3125F006111DF /* FirebaseVertexAI */ = {
			isa = XCSwiftPackageProductDependency;
			package = A1DA12FE2DB3125E006111DF /* XCRemoteSwiftPackageReference "firebase-ios-sdk" */;
			productName = FirebaseVertexAI;
		};
		A1DA13302DB31285006111DF /* SnapKit */ = {
			isa = XCSwiftPackageProductDependency;
			package = A1DA132F2DB31285006111DF /* XCRemoteSwiftPackageReference "SnapKit" */;
			productName = SnapKit;
		};
		A1DA135F2DB32800006111DF /* SnapKit-Dynamic */ = {
			isa = XCSwiftPackageProductDependency;
			package = A1DA132F2DB31285006111DF /* XCRemoteSwiftPackageReference "SnapKit" */;
			productName = "SnapKit-Dynamic";
		};
		A1DA13B62DB33970006111DF /* SnapKit-Dynamic */ = {
			isa = XCSwiftPackageProductDependency;
			package = A1DA132F2DB31285006111DF /* XCRemoteSwiftPackageReference "SnapKit" */;
			productName = "SnapKit-Dynamic";
		};
/* End XCSwiftPackageProductDependency section */
	};
	rootObject = A155D8562DB2EE4300D28886 /* Project object */;
}
